
Microsoft Visual Studio Solution File, Format Version 12.00
# Visual Studio Version 16
VisualStudioVersion = 25.0.1700.4
MinimumVisualStudioVersion = 10.0.40219.1
Project("{FAE04EC0-301F-11D3-BF4B-00C04F79EFBC}") = "WhereInTheWorld", "WhereInTheWorld\WhereInTheWorld.csproj", "{47508706-5869-4F98-9955-8A4108C0C4EC}"
EndProject
Project("{FAE04EC0-301F-11D3-BF4B-00C04F79EFBC}") = "Gemini.Cgi", "..\Gemini.Cgi\Gemini.Cgi.csproj", "{21F03C7F-17BB-4315-B094-78B8724D676D}"
EndProject
Project("{FAE04EC0-301F-11D3-BF4B-00C04F79EFBC}") = "WhereInTheWorld.Cgi", "WhereInTheWorld.Cgi\WhereInTheWorld.Cgi.csproj", "{80AA8555-5CFA-4B67-9E2E-8F976D48E833}"
EndProject
Global
	GlobalSection(SolutionConfigurationPlatforms) = preSolution
		Debug|Any CPU = Debug|Any CPU
		Release|Any CPU = Release|Any CPU
	EndGlobalSection
	GlobalSection(ProjectConfigurationPlatforms) = postSolution
		{47508706-5869-4F98-9955-8A4108C0C4EC}.Debug|Any CPU.ActiveCfg = Debug|Any CPU
		{47508706-5869-4F98-9955-8A4108C0C4EC}.Debug|Any CPU.Build.0 = Debug|Any CPU
		{47508706-5869-4F98-9955-8A4108C0C4EC}.Release|Any CPU.ActiveCfg = Release|Any CPU
		{47508706-5869-4F98-9955-8A4108C0C4EC}.Release|Any CPU.Build.0 = Release|Any CPU
		{21F03C7F-17BB-4315-B094-78B8724D676D}.Debug|Any CPU.ActiveCfg = Debug|Any CPU
		{21F03C7F-17BB-4315-B094-78B8724D676D}.Debug|Any CPU.Build.0 = Debug|Any CPU
		{21F03C7F-17BB-4315-B094-78B8724D676D}.Release|Any CPU.ActiveCfg = Release|Any CPU
		{21F03C7F-17BB-4315-B094-78B8724D676D}.Release|Any CPU.Build.0 = Release|Any CPU
		{80AA8555-5CFA-4B67-9E2E-8F976D48E833}.Debug|Any CPU.ActiveCfg = Debug|Any CPU
		{80AA8555-5CFA-4B67-9E2E-8F976D48E833}.Debug|Any CPU.Build.0 = Debug|Any CPU
		{80AA8555-5CFA-4B67-9E2E-8F976D48E833}.Release|Any CPU.ActiveCfg = Release|Any CPU
		{80AA8555-5CFA-4B67-9E2E-8F976D48E833}.Release|Any CPU.Build.0 = Release|Any CPU
	EndGlobalSection
	GlobalSection(SolutionProperties) = preSolution
		HideSolutionNode = FALSE
	EndGlobalSection
	GlobalSection(ExtensibilityGlobals) = postSolution
		SolutionGuid = {4F8AE46A-4907-4BD4-AD8F-BE2167E2D230}
	EndGlobalSection
EndGlobal
